
Microsoft Visual Studio Solution File, Format Version 12.00
# Visual Studio Version 17
VisualStudioVersion = 17.2.32630.192
MinimumVisualStudioVersion = 10.0.40219.1
Project("{9A19103F-16F7-4668-BE54-9A1E7A4F7556}") = "ToLifeCloud.Worker.ConnectorMVDefault", "ToLifeCloud.Worker.ConnectorMVDefault.csproj", "{C04A6F64-D113-47A2-859B-CFDA31971C23}"
EndProject
Global
	GlobalSection(SolutionConfigurationPlatforms) = preSolution
		Debug|Any CPU = Debug|Any CPU
		Release|Any CPU = Release|Any CPU
	EndGlobalSection
	GlobalSection(ProjectConfigurationPlatforms) = postSolution
		{C04A6F64-D113-47A2-859B-CFDA31971C23}.Debug|Any CPU.ActiveCfg = Debug|Any CPU
		{C04A6F64-D113-47A2-859B-CFDA31971C23}.Debug|Any CPU.Build.0 = Debug|Any CPU
		{C04A6F64-D113-47A2-859B-CFDA31971C23}.Release|Any CPU.ActiveCfg = Release|Any CPU
		{C04A6F64-D113-47A2-859B-CFDA31971C23}.Release|Any CPU.Build.0 = Release|Any CPU
	EndGlobalSection
	GlobalSection(SolutionProperties) = preSolution
		HideSolutionNode = FALSE
	EndGlobalSection
	GlobalSection(ExtensibilityGlobals) = postSolution
		SolutionGuid = {D9C346A9-7761-45C7-8E5C-7C44ACF75EAF}
	EndGlobalSection
EndGlobal
